
Microsoft Visual Studio Solution File, Format Version 12.00
# Visual Studio Version 17
VisualStudioVersion = 17.5.002.0
MinimumVisualStudioVersion = 10.0.40219.1
Project("{9A19103F-16F7-4668-BE54-9A1E7A4F7556}") = "az204queuestorage", "az204queuestorage.csproj", "{D7443661-C7CD-478A-8BE4-282270E071DC}"
EndProject
Global
	GlobalSection(SolutionConfigurationPlatforms) = preSolution
		Debug|Any CPU = Debug|Any CPU
		Release|Any CPU = Release|Any CPU
	EndGlobalSection
	GlobalSection(ProjectConfigurationPlatforms) = postSolution
		{D7443661-C7CD-478A-8BE4-282270E071DC}.Debug|Any CPU.ActiveCfg = Debug|Any CPU
		{D7443661-C7CD-478A-8BE4-282270E071DC}.Debug|Any CPU.Build.0 = Debug|Any CPU
		{D7443661-C7CD-478A-8BE4-282270E071DC}.Release|Any CPU.ActiveCfg = Release|Any CPU
		{D7443661-C7CD-478A-8BE4-282270E071DC}.Release|Any CPU.Build.0 = Release|Any CPU
	EndGlobalSection
	GlobalSection(SolutionProperties) = preSolution
		HideSolutionNode = FALSE
	EndGlobalSection
	GlobalSection(ExtensibilityGlobals) = postSolution
		SolutionGuid = {3F6A4EEB-F66B-4614-B569-53598D199233}
	EndGlobalSection
EndGlobal
